
Microsoft Visual Studio Solution File, Format Version 12.00
# Visual Studio Version 17
VisualStudioVersion = 17.12.35707.178 d17.12
MinimumVisualStudioVersion = 10.0.40219.1
Project("{FAE04EC0-301F-11D3-BF4B-00C04F79EFBC}") = "CDB.API", "CDB\CDB.API.csproj", "{B0A623B8-9BC6-48E2-88F3-950D3FC5F87E}"
EndProject
Project("{FAE04EC0-301F-11D3-BF4B-00C04F79EFBC}") = "CDB.API.Tests", "CDB.API.Tests\CDB.API.Tests.csproj", "{A9CED057-B23A-41B2-B334-FA3D602A38ED}"
EndProject
Global
	GlobalSection(SolutionConfigurationPlatforms) = preSolution
		Debug|Any CPU = Debug|Any CPU
		Release|Any CPU = Release|Any CPU
	EndGlobalSection
	GlobalSection(ProjectConfigurationPlatforms) = postSolution
		{B0A623B8-9BC6-48E2-88F3-950D3FC5F87E}.Debug|Any CPU.ActiveCfg = Debug|Any CPU
		{B0A623B8-9BC6-48E2-88F3-950D3FC5F87E}.Debug|Any CPU.Build.0 = Debug|Any CPU
		{B0A623B8-9BC6-48E2-88F3-950D3FC5F87E}.Release|Any CPU.ActiveCfg = Release|Any CPU
		{B0A623B8-9BC6-48E2-88F3-950D3FC5F87E}.Release|Any CPU.Build.0 = Release|Any CPU
		{A9CED057-B23A-41B2-B334-FA3D602A38ED}.Debug|Any CPU.ActiveCfg = Debug|Any CPU
		{A9CED057-B23A-41B2-B334-FA3D602A38ED}.Debug|Any CPU.Build.0 = Debug|Any CPU
		{A9CED057-B23A-41B2-B334-FA3D602A38ED}.Release|Any CPU.ActiveCfg = Release|Any CPU
		{A9CED057-B23A-41B2-B334-FA3D602A38ED}.Release|Any CPU.Build.0 = Release|Any CPU
	EndGlobalSection
	GlobalSection(SolutionProperties) = preSolution
		HideSolutionNode = FALSE
	EndGlobalSection
EndGlobal
